Microsoft Visual Studio Solution File, Format Version 12.00
# Visual Studio 2012
Project("{FAE04EC0-301F-11D3-BF4B-00C04F79EFBC}") = "GOTween", "GOTween.csproj", "{D5CE9C4E-4E3C-4A8B-9F73-0FAF35B97502}"
EndProject
Global
	GlobalSection(SolutionConfigurationPlatforms) = preSolution
	Debug|Any CPU = Debug|Any CPU
	ExportDebug|Any CPU = ExportDebug|Any CPU
	ExportRelease|Any CPU = ExportRelease|Any CPU
	EndGlobalSection
	GlobalSection(ProjectConfigurationPlatforms) = postSolution
		{D5CE9C4E-4E3C-4A8B-9F73-0FAF35B97502}.Debug|Any CPU.ActiveCfg = Debug|Any CPU
		{D5CE9C4E-4E3C-4A8B-9F73-0FAF35B97502}.Debug|Any CPU.Build.0 = Debug|Any CPU
		{D5CE9C4E-4E3C-4A8B-9F73-0FAF35B97502}.ExportDebug|Any CPU.ActiveCfg = ExportDebug|Any CPU
		{D5CE9C4E-4E3C-4A8B-9F73-0FAF35B97502}.ExportDebug|Any CPU.Build.0 = ExportDebug|Any CPU
		{D5CE9C4E-4E3C-4A8B-9F73-0FAF35B97502}.ExportRelease|Any CPU.ActiveCfg = ExportRelease|Any CPU
		{D5CE9C4E-4E3C-4A8B-9F73-0FAF35B97502}.ExportRelease|Any CPU.Build.0 = ExportRelease|Any CPU
	EndGlobalSection
EndGlobal
